
Microsoft Visual Studio Solution File, Format Version 12.00
# Visual Studio 15
VisualStudioVersion = 15.0.27004.2009
MinimumVisualStudioVersion = 10.0.40219.1
Project("{FAE04EC0-301F-11D3-BF4B-00C04F79EFBC}") = "YBFFrame", "YBFFrame\YBFFrame.csproj", "{E76978DF-D431-483C-9442-BAE700870C80}"
EndProject
Project("{2150E333-8FDC-42A3-9474-1A3956D46DE8}") = "Ado三层架构", "Ado三层架构", "{E1F7E914-0D74-4881-A8F2-D5A6B9D61347}"
EndProject
Project("{FAE04EC0-301F-11D3-BF4B-00C04F79EFBC}") = "2-Business", "ADO三层架构\2-Business\2-Business.csproj", "{F21A1296-C049-4BC6-B9B9-7B69BC57F29B}"
EndProject
Project("{FAE04EC0-301F-11D3-BF4B-00C04F79EFBC}") = "3-DataAccess", "ADO三层架构\3-DataAccess\3-DataAccess.csproj", "{3FB50111-9937-4E66-8AC9-589F387B150F}"
EndProject
Project("{FAE04EC0-301F-11D3-BF4B-00C04F79EFBC}") = "4-DataBase", "ADO三层架构\Z_DataBase\4-DataBase.csproj", "{03BECD70-56EF-4116-A07B-9B094A8AF713}"
EndProject
Project("{FAE04EC0-301F-11D3-BF4B-00C04F79EFBC}") = "Model", "Model\Model.csproj", "{911BAA09-4F2B-487A-8C60-D4799933A1AA}"
EndProject
Project("{2150E333-8FDC-42A3-9474-1A3956D46DE8}") = "EF框架", "EF框架", "{956A80F6-7DEE-40B1-AFA3-93455C4BA378}"
EndProject
Project("{FAE04EC0-301F-11D3-BF4B-00C04F79EFBC}") = "ModelSoure", "EF框架\Model\ModelSoure.csproj", "{FA0232FC-3483-4332-9DD6-2B45F8030A2D}"
EndProject
Project("{FAE04EC0-301F-11D3-BF4B-00C04F79EFBC}") = "CodeEF", "EF框架\CodeEF\CodeEF.csproj", "{ACF43E59-073B-48D5-878F-9E689498EE43}"
EndProject
Project("{2150E333-8FDC-42A3-9474-1A3956D46DE8}") = "Common", "Common", "{4DE0722A-8DD0-40C6-B030-97D44D10C825}"
EndProject
Project("{FAE04EC0-301F-11D3-BF4B-00C04F79EFBC}") = "ClassHelp", "ClassHelp\ClassHelp.csproj", "{7BE022E5-8B2F-4D0B-8B83-D3D92911D03B}"
EndProject
Global
	GlobalSection(SolutionConfigurationPlatforms) = preSolution
		Debug|Any CPU = Debug|Any CPU
		Release|Any CPU = Release|Any CPU
	EndGlobalSection
	GlobalSection(ProjectConfigurationPlatforms) = postSolution
		{E76978DF-D431-483C-9442-BAE700870C80}.Debug|Any CPU.ActiveCfg = Debug|Any CPU
		{E76978DF-D431-483C-9442-BAE700870C80}.Debug|Any CPU.Build.0 = Debug|Any CPU
		{E76978DF-D431-483C-9442-BAE700870C80}.Release|Any CPU.ActiveCfg = Release|Any CPU
		{E76978DF-D431-483C-9442-BAE700870C80}.Release|Any CPU.Build.0 = Release|Any CPU
		{F21A1296-C049-4BC6-B9B9-7B69BC57F29B}.Debug|Any CPU.ActiveCfg = Debug|Any CPU
		{F21A1296-C049-4BC6-B9B9-7B69BC57F29B}.Debug|Any CPU.Build.0 = Debug|Any CPU
		{F21A1296-C049-4BC6-B9B9-7B69BC57F29B}.Release|Any CPU.ActiveCfg = Release|Any CPU
		{F21A1296-C049-4BC6-B9B9-7B69BC57F29B}.Release|Any CPU.Build.0 = Release|Any CPU
		{3FB50111-9937-4E66-8AC9-589F387B150F}.Debug|Any CPU.ActiveCfg = Debug|Any CPU
		{3FB50111-9937-4E66-8AC9-589F387B150F}.Debug|Any CPU.Build.0 = Debug|Any CPU
		{3FB50111-9937-4E66-8AC9-589F387B150F}.Release|Any CPU.ActiveCfg = Release|Any CPU
		{3FB50111-9937-4E66-8AC9-589F387B150F}.Release|Any CPU.Build.0 = Release|Any CPU
		{03BECD70-56EF-4116-A07B-9B094A8AF713}.Debug|Any CPU.ActiveCfg = Debug|Any CPU
		{03BECD70-56EF-4116-A07B-9B094A8AF713}.Debug|Any CPU.Build.0 = Debug|Any CPU
		{03BECD70-56EF-4116-A07B-9B094A8AF713}.Release|Any CPU.ActiveCfg = Release|Any CPU
		{03BECD70-56EF-4116-A07B-9B094A8AF713}.Release|Any CPU.Build.0 = Release|Any CPU
		{911BAA09-4F2B-487A-8C60-D4799933A1AA}.Debug|Any CPU.ActiveCfg = Debug|Any CPU
		{911BAA09-4F2B-487A-8C60-D4799933A1AA}.Debug|Any CPU.Build.0 = Debug|Any CPU
		{911BAA09-4F2B-487A-8C60-D4799933A1AA}.Release|Any CPU.ActiveCfg = Release|Any CPU
		{911BAA09-4F2B-487A-8C60-D4799933A1AA}.Release|Any CPU.Build.0 = Release|Any CPU
		{FA0232FC-3483-4332-9DD6-2B45F8030A2D}.Debug|Any CPU.ActiveCfg = Debug|Any CPU
		{FA0232FC-3483-4332-9DD6-2B45F8030A2D}.Debug|Any CPU.Build.0 = Debug|Any CPU
		{FA0232FC-3483-4332-9DD6-2B45F8030A2D}.Release|Any CPU.ActiveCfg = Release|Any CPU
		{FA0232FC-3483-4332-9DD6-2B45F8030A2D}.Release|Any CPU.Build.0 = Release|Any CPU
		{ACF43E59-073B-48D5-878F-9E689498EE43}.Debug|Any CPU.ActiveCfg = Debug|Any CPU
		{ACF43E59-073B-48D5-878F-9E689498EE43}.Debug|Any CPU.Build.0 = Debug|Any CPU
		{ACF43E59-073B-48D5-878F-9E689498EE43}.Release|Any CPU.ActiveCfg = Release|Any CPU
		{ACF43E59-073B-48D5-878F-9E689498EE43}.Release|Any CPU.Build.0 = Release|Any CPU
		{7BE022E5-8B2F-4D0B-8B83-D3D92911D03B}.Debug|Any CPU.ActiveCfg = Debug|Any CPU
		{7BE022E5-8B2F-4D0B-8B83-D3D92911D03B}.Debug|Any CPU.Build.0 = Debug|Any CPU
		{7BE022E5-8B2F-4D0B-8B83-D3D92911D03B}.Release|Any CPU.ActiveCfg = Release|Any CPU
		{7BE022E5-8B2F-4D0B-8B83-D3D92911D03B}.Release|Any CPU.Build.0 = Release|Any CPU
	EndGlobalSection
	GlobalSection(SolutionProperties) = preSolution
		HideSolutionNode = FALSE
	EndGlobalSection
	GlobalSection(NestedProjects) = preSolution
		{F21A1296-C049-4BC6-B9B9-7B69BC57F29B} = {E1F7E914-0D74-4881-A8F2-D5A6B9D61347}
		{3FB50111-9937-4E66-8AC9-589F387B150F} = {E1F7E914-0D74-4881-A8F2-D5A6B9D61347}
		{03BECD70-56EF-4116-A07B-9B094A8AF713} = {E1F7E914-0D74-4881-A8F2-D5A6B9D61347}
		{FA0232FC-3483-4332-9DD6-2B45F8030A2D} = {956A80F6-7DEE-40B1-AFA3-93455C4BA378}
		{ACF43E59-073B-48D5-878F-9E689498EE43} = {956A80F6-7DEE-40B1-AFA3-93455C4BA378}
		{7BE022E5-8B2F-4D0B-8B83-D3D92911D03B} = {4DE0722A-8DD0-40C6-B030-97D44D10C825}
	EndGlobalSection
	GlobalSection(ExtensibilityGlobals) = postSolution
		SolutionGuid = {65631A99-FB8A-401F-9C0F-00A506E829AC}
	EndGlobalSection
EndGlobal
